# THIS IS AN AUTOGENERATED FILE. DO NOT EDIT THIS FILE DIRECTLY.
# yarn lockfile v1


"@tanstack/match-sorter-utils@^8.7.0":
  version "8.8.4"
  resolved "https://registry.yarnpkg.com/@tanstack/match-sorter-utils/-/match-sorter-utils-8.8.4.tgz#0b2864d8b7bac06a9f84cb903d405852cc40a457"
  integrity sha512-rKH8LjZiszWEvmi01NR72QWZ8m4xmXre0OOwlRGnjU01Eqz/QnN+cqpty2PJ0efHblq09+KilvyR7lsbzmXVEw==
  dependencies:
    remove-accents "0.4.2"

"@tanstack/react-query-devtools@^4.35.3":
  version "4.35.3"
  resolved "https://registry.yarnpkg.com/@tanstack/react-query-devtools/-/react-query-devtools-4.35.3.tgz#f03b39b613782a97794a42798d979c02ba51a7df"
  integrity sha512-UvLT7qPzCuCZ3NfjwsOqDUVN84JvSOuW6ukrjZmSqgjPqVxD6ra/HUp1CEOatQY2TRvKCp8y1lTVu+trXM30fg==
  dependencies:
    "@tanstack/match-sorter-utils" "^8.7.0"
    superjson "^1.10.0"
    use-sync-external-store "^1.2.0"

copy-anything@^3.0.2:
  version "3.0.5"
  resolved "https://registry.yarnpkg.com/copy-anything/-/copy-anything-3.0.5.tgz#2d92dce8c498f790fa7ad16b01a1ae5a45b020a0"
  integrity sha512-yCEafptTtb4bk7GLEQoM8KVJpxAfdBJYaXyzQEgQQQgYrZiDp8SJmGKlYza6CYjEDNstAdNdKA3UuoULlEbS6w==
  dependencies:
    is-what "^4.1.8"

is-what@^4.1.8:
  version "4.1.15"
  resolved "https://registry.yarnpkg.com/is-what/-/is-what-4.1.15.tgz#de43a81090417a425942d67b1ae86e7fae2eee0e"
  integrity sha512-uKua1wfy3Yt+YqsD6mTUEa2zSi3G1oPlqTflgaPJ7z63vUGN5pxFpnQfeSLMFnJDEsdvOtkp1rUWkYjB4YfhgA==

remove-accents@0.4.2:
  version "0.4.2"
  resolved "https://registry.yarnpkg.com/remove-accents/-/remove-accents-0.4.2.tgz#0a43d3aaae1e80db919e07ae254b285d9e1c7bb5"
  integrity sha512-7pXIJqJOq5tFgG1A2Zxti3Ht8jJF337m4sowbuHsW30ZnkQFnDzy9qBNhgzX8ZLW4+UBcXiiR7SwR6pokHsxiA==

superjson@^1.10.0:
  version "1.13.3"
  resolved "https://registry.yarnpkg.com/superjson/-/superjson-1.13.3.tgz#3bd64046f6c0a47062850bb3180ef352a471f930"
  integrity sha512-mJiVjfd2vokfDxsQPOwJ/PtanO87LhpYY88ubI5dUB1Ab58Txbyje3+jpm+/83R/fevaq/107NNhtYBLuoTrFg==
  dependencies:
    copy-anything "^3.0.2"

use-sync-external-store@^1.2.0:
  version "1.2.0"
  resolved "https://registry.yarnpkg.com/use-sync-external-store/-/use-sync-external-store-1.2.0.tgz#7dbefd6ef3fe4e767a0cf5d7287aacfb5846928a"
  integrity sha512-eEgnFxGQ1Ife9bzYs6VLi8/4X6CObHMw9Qr9tPY43iKwsPw8xE8+EFsf/2cFZ5S3esXgpWgtSCtLNS41F+sKPA==
